{
  "name": "safeChat-vue",
  "lockfileVersion": 2,
  "requires": true,
  "packages": {
    "": {
      "dependencies": {
        "element-ui": "^2.15.6",
        "hbl-comment": "^1.2.3",
        "jquery": "^3.6.0",
        "js-md5": "^0.7.3",
        "wangeditor": "^4.7.9"
      }
    },
    "node_modules/@babel/runtime": {
      "version": "7.16.0",
      "resolved": "https://registry.npmmirror.com/@babel/runtime/download/@babel/runtime-7.16.0.tgz",
      "integrity": "sha1-4nuXfy4giLokdIv5m14d7OZOTws=",
      "license": "MIT",
      "dependencies": {
        "regenerator-runtime": "^0.13.4"
      },
      "engines": {
        "node": ">=6.9.0"
      }
    },
    "node_modules/@babel/runtime-corejs3": {
      "version": "7.16.0",
      "resolved": "https://registry.npmmirror.com/@babel/runtime-corejs3/download/@babel/runtime-corejs3-7.16.0.tgz?cache=0&other_urls=https%3A%2F%2Fregistry.npmmirror.com%2F%40babel%2Fruntime-corejs3%2Fdownload%2F%40babel%2Fruntime-corejs3-7.16.0.tgz",
      "integrity": "sha1-WKf7AOaUhQjxL1OjA5k+i24vbHA=",
      "license": "MIT",
      "dependencies": {
        "core-js-pure": "^3.19.0",
        "regenerator-runtime": "^0.13.4"
      },
      "engines": {
        "node": ">=6.9.0"
      }
    },
    "node_modules/@babel/runtime-corejs3/node_modules/regenerator-runtime": {
      "version": "0.13.9",
      "resolved": "https://registry.nlark.com/regenerator-runtime/download/regenerator-runtime-0.13.9.tgz",
      "integrity": "sha1-iSV0Kpj/2QgUmI11Zq0wyjsmO1I="
    },
    "node_modules/@babel/runtime/node_modules/regenerator-runtime": {
      "version": "0.13.9",
      "resolved": "https://registry.nlark.com/regenerator-runtime/download/regenerator-runtime-0.13.9.tgz",
      "integrity": "sha1-iSV0Kpj/2QgUmI11Zq0wyjsmO1I="
    },
    "node_modules/async-validator": {
      "version": "1.8.5",
      "resolved": "https://registry.npmmirror.com/async-validator/download/async-validator-1.8.5.tgz?cache=0&sync_timestamp=1634529502627&other_urls=https%3A%2F%2Fregistry.npmmirror.com%2Fasync-validator%2Fdownload%2Fasync-validator-1.8.5.tgz",
      "integrity": "sha1-3D4I7B/Q3dtn5ghC8CwM0c7G1/A=",
      "dependencies": {
        "babel-runtime": "6.x"
      }
    },
    "node_modules/babel-helper-vue-jsx-merge-props": {
      "version": "2.0.3",
      "resolved": "https://registry.nlark.com/babel-helper-vue-jsx-merge-props/download/babel-helper-vue-jsx-merge-props-2.0.3.tgz",
      "integrity": "sha1-Iq69OzOQIyjlEyk6jkmSs4T58bY="
    },
    "node_modules/babel-runtime": {
      "version": "6.26.0",
      "resolved": "https://registry.npm.taobao.org/babel-runtime/download/babel-runtime-6.26.0.tgz",
      "integrity": "sha1-llxwWGaOgrVde/4E/yM3vItWR/4=",
      "dependencies": {
        "core-js": "^2.4.0",
        "regenerator-runtime": "^0.11.0"
      }
    },
    "node_modules/core-js": {
      "version": "2.6.12",
      "resolved": "https://registry.npmmirror.com/core-js/download/core-js-2.6.12.tgz?cache=0&sync_timestamp=1635142915013&other_urls=https%3A%2F%2Fregistry.npmmirror.com%2Fcore-js%2Fdownload%2Fcore-js-2.6.12.tgz",
      "integrity": "sha1-2TM9+nsGXjR8xWgiGdb2kIWcwuw=",
      "deprecated": "core-js@<3.3 is no longer maintained and not recommended for usage due to the number of issues. Because of the V8 engine whims, feature detection in old core-js versions could cause a slowdown up to 100x even if nothing is polyfilled. Please, upgrade your dependencies to the actual version of core-js."
    },
    "node_modules/core-js-pure": {
      "version": "3.19.0",
      "resolved": "https://registry.npmmirror.com/core-js-pure/download/core-js-pure-3.19.0.tgz?cache=0&sync_timestamp=1635149206873&other_urls=https%3A%2F%2Fregistry.npmmirror.com%2Fcore-js-pure%2Fdownload%2Fcore-js-pure-3.19.0.tgz",
      "integrity": "sha1-22/a391NwoDsk7ZMPC6EYObxAJQ=",
      "hasInstallScript": true,
      "license": "MIT",
      "funding": {
        "type": "opencollective",
        "url": "https://opencollective.com/core-js"
      }
    },
    "node_modules/deepmerge": {
      "version": "1.5.2",
      "resolved": "https://registry.npm.taobao.org/deepmerge/download/deepmerge-1.5.2.tgz?cache=0&sync_timestamp=1572279720382&other_urls=https%3A%2F%2Fregistry.npm.taobao.org%2Fdeepmerge%2Fdownload%2Fdeepmerge-1.5.2.tgz",
      "integrity": "sha1-EEmdhohEza1P7ghC34x/bwyVp1M=",
      "engines": {
        "node": ">=0.10.0"
      }
    },
    "node_modules/element-ui": {
      "version": "2.15.6",
      "resolved": "https://registry.nlark.com/element-ui/download/element-ui-2.15.6.tgz?cache=0&sync_timestamp=1630567311369&other_urls=https%3A%2F%2Fregistry.nlark.com%2Felement-ui%2Fdownload%2Felement-ui-2.15.6.tgz",
      "integrity": "sha1-yWCa3TWvWmhqS3aF3B11fHXgHfM=",
      "dependencies": {
        "async-validator": "~1.8.1",
        "babel-helper-vue-jsx-merge-props": "^2.0.0",
        "deepmerge": "^1.2.0",
        "normalize-wheel": "^1.0.1",
        "resize-observer-polyfill": "^1.5.0",
        "throttle-debounce": "^1.0.1"
      },
      "peerDependencies": {
        "vue": "^2.5.17"
      }
    },
    "node_modules/hbl-comment": {
      "version": "1.2.3",
      "resolved": "https://registry.npmmirror.com/hbl-comment/download/hbl-comment-1.2.3.tgz",
      "integrity": "sha1-XjxCOAwtGd7LrWa0HEp9EOobvNI=",
      "dependencies": {
        "element-ui": "^2.12.0",
        "vue": "^2.5.2",
        "vue-router": "^3.0.1"
      },
      "engines": {
        "node": ">= 6.0.0",
        "npm": ">= 3.0.0"
      }
    },
    "node_modules/jquery": {
      "version": "3.6.0",
      "resolved": "https://registry.npm.taobao.org/jquery/download/jquery-3.6.0.tgz",
      "integrity": "sha1-xyoJ8Vwb3OFC9J2/EXC9+K2sJHA="
    },
    "node_modules/js-md5": {
      "version": "0.7.3",
      "resolved": "https://registry.npm.taobao.org/js-md5/download/js-md5-0.7.3.tgz",
      "integrity": "sha1-tPL7sLMnRV9ZjWcn447Ccs0Jw/I="
    },
    "node_modules/normalize-wheel": {
      "version": "1.0.1",
      "resolved": "https://registry.nlark.com/normalize-wheel/download/normalize-wheel-1.0.1.tgz",
      "integrity": "sha1-rsiGr/2wRQcNhWRH32Ls+GFG7EU="
    },
    "node_modules/regenerator-runtime": {
      "version": "0.11.1",
      "resolved": "https://registry.nlark.com/regenerator-runtime/download/regenerator-runtime-0.11.1.tgz",
      "integrity": "sha1-vgWtf5v30i4Fb5cmzuUBf78Z4uk="
    },
    "node_modules/resize-observer-polyfill": {
      "version": "1.5.1",
      "resolved": "https://registry.nlark.com/resize-observer-polyfill/download/resize-observer-polyfill-1.5.1.tgz",
      "integrity": "sha1-DpAg3T0hAkRY1OvSfiPkAmmBBGQ="
    },
    "node_modules/throttle-debounce": {
      "version": "1.1.0",
      "resolved": "https://registry.npm.taobao.org/throttle-debounce/download/throttle-debounce-1.1.0.tgz",
      "integrity": "sha1-UYU9o3vmihVctugns1FKPEIuic0=",
      "engines": {
        "node": ">=4"
      }
    },
    "node_modules/tslib": {
      "version": "2.3.1",
      "resolved": "https://registry.nlark.com/tslib/download/tslib-2.3.1.tgz?cache=0&sync_timestamp=1628722556410&other_urls=https%3A%2F%2Fregistry.nlark.com%2Ftslib%2Fdownload%2Ftslib-2.3.1.tgz",
      "integrity": "sha1-6KM1rdXOrlGqJh0ypJAVjvBC7wE="
    },
    "node_modules/vue": {
      "version": "2.6.14",
      "resolved": "https://registry.npmmirror.com/vue/download/vue-2.6.14.tgz?cache=0&sync_timestamp=1633712555314&other_urls=https%3A%2F%2Fregistry.npmmirror.com%2Fvue%2Fdownload%2Fvue-2.6.14.tgz",
      "integrity": "sha1-5RqlJQJQ1Wmj+606ilpofWA24jU="
    },
    "node_modules/vue-router": {
      "version": "3.5.3",
      "resolved": "https://registry.npmmirror.com/vue-router/download/vue-router-3.5.3.tgz",
      "integrity": "sha1-BBBIBT4zaCnQXa+s9qj7ZpoueZk=",
      "license": "MIT"
    },
    "node_modules/wangeditor": {
      "version": "4.7.9",
      "resolved": "https://registry.npmmirror.com/wangeditor/download/wangeditor-4.7.9.tgz",
      "integrity": "sha1-wJIsAzdznVCoMQ/Kwwt6bOI4tQ0=",
      "license": "MIT",
      "dependencies": {
        "@babel/runtime": "^7.11.2",
        "@babel/runtime-corejs3": "^7.11.2",
        "tslib": "^2.1.0"
      }
    }
  },
  "dependencies": {
    "@babel/runtime": {
      "version": "7.16.0",
      "resolved": "https://registry.npmmirror.com/@babel/runtime/download/@babel/runtime-7.16.0.tgz",
      "integrity": "sha1-4nuXfy4giLokdIv5m14d7OZOTws=",
      "requires": {
        "regenerator-runtime": "^0.13.4"
      },
      "dependencies": {
        "regenerator-runtime": {
          "version": "0.13.9",
          "resolved": "https://registry.nlark.com/regenerator-runtime/download/regenerator-runtime-0.13.9.tgz",
          "integrity": "sha1-iSV0Kpj/2QgUmI11Zq0wyjsmO1I="
        }
      }
    },
    "@babel/runtime-corejs3": {
      "version": "7.16.0",
      "resolved": "https://registry.npmmirror.com/@babel/runtime-corejs3/download/@babel/runtime-corejs3-7.16.0.tgz?cache=0&other_urls=https%3A%2F%2Fregistry.npmmirror.com%2F%40babel%2Fruntime-corejs3%2Fdownload%2F%40babel%2Fruntime-corejs3-7.16.0.tgz",
      "integrity": "sha1-WKf7AOaUhQjxL1OjA5k+i24vbHA=",
      "requires": {
        "core-js-pure": "^3.19.0",
        "regenerator-runtime": "^0.13.4"
      },
      "dependencies": {
        "regenerator-runtime": {
          "version": "0.13.9",
          "resolved": "https://registry.nlark.com/regenerator-runtime/download/regenerator-runtime-0.13.9.tgz",
          "integrity": "sha1-iSV0Kpj/2QgUmI11Zq0wyjsmO1I="
        }
      }
    },
    "async-validator": {
      "version": "1.8.5",
      "resolved": "https://registry.npmmirror.com/async-validator/download/async-validator-1.8.5.tgz?cache=0&sync_timestamp=1634529502627&other_urls=https%3A%2F%2Fregistry.npmmirror.com%2Fasync-validator%2Fdownload%2Fasync-validator-1.8.5.tgz",
      "integrity": "sha1-3D4I7B/Q3dtn5ghC8CwM0c7G1/A=",
      "requires": {
        "babel-runtime": "6.x"
      }
    },
    "babel-helper-vue-jsx-merge-props": {
      "version": "2.0.3",
      "resolved": "https://registry.nlark.com/babel-helper-vue-jsx-merge-props/download/babel-helper-vue-jsx-merge-props-2.0.3.tgz",
      "integrity": "sha1-Iq69OzOQIyjlEyk6jkmSs4T58bY="
    },
    "babel-runtime": {
      "version": "6.26.0",
      "resolved": "https://registry.npm.taobao.org/babel-runtime/download/babel-runtime-6.26.0.tgz",
      "integrity": "sha1-llxwWGaOgrVde/4E/yM3vItWR/4=",
      "requires": {
        "core-js": "^2.4.0",
        "regenerator-runtime": "^0.11.0"
      }
    },
    "core-js": {
      "version": "2.6.12",
      "resolved": "https://registry.npmmirror.com/core-js/download/core-js-2.6.12.tgz?cache=0&sync_timestamp=1635142915013&other_urls=https%3A%2F%2Fregistry.npmmirror.com%2Fcore-js%2Fdownload%2Fcore-js-2.6.12.tgz",
      "integrity": "sha1-2TM9+nsGXjR8xWgiGdb2kIWcwuw="
    },
    "core-js-pure": {
      "version": "3.19.0",
      "resolved": "https://registry.npmmirror.com/core-js-pure/download/core-js-pure-3.19.0.tgz?cache=0&sync_timestamp=1635149206873&other_urls=https%3A%2F%2Fregistry.npmmirror.com%2Fcore-js-pure%2Fdownload%2Fcore-js-pure-3.19.0.tgz",
      "integrity": "sha1-22/a391NwoDsk7ZMPC6EYObxAJQ="
    },
    "deepmerge": {
      "version": "1.5.2",
      "resolved": "https://registry.npm.taobao.org/deepmerge/download/deepmerge-1.5.2.tgz?cache=0&sync_timestamp=1572279720382&other_urls=https%3A%2F%2Fregistry.npm.taobao.org%2Fdeepmerge%2Fdownload%2Fdeepmerge-1.5.2.tgz",
      "integrity": "sha1-EEmdhohEza1P7ghC34x/bwyVp1M="
    },
    "element-ui": {
      "version": "2.15.6",
      "resolved": "https://registry.nlark.com/element-ui/download/element-ui-2.15.6.tgz?cache=0&sync_timestamp=1630567311369&other_urls=https%3A%2F%2Fregistry.nlark.com%2Felement-ui%2Fdownload%2Felement-ui-2.15.6.tgz",
      "integrity": "sha1-yWCa3TWvWmhqS3aF3B11fHXgHfM=",
      "requires": {
        "async-validator": "~1.8.1",
        "babel-helper-vue-jsx-merge-props": "^2.0.0",
        "deepmerge": "^1.2.0",
        "normalize-wheel": "^1.0.1",
        "resize-observer-polyfill": "^1.5.0",
        "throttle-debounce": "^1.0.1"
      }
    },
    "hbl-comment": {
      "version": "1.2.3",
      "resolved": "https://registry.npmmirror.com/hbl-comment/download/hbl-comment-1.2.3.tgz",
      "integrity": "sha1-XjxCOAwtGd7LrWa0HEp9EOobvNI=",
      "requires": {
        "element-ui": "^2.12.0",
        "vue": "^2.5.2",
        "vue-router": "^3.0.1"
      }
    },
    "jquery": {
      "version": "3.6.0",
      "resolved": "https://registry.npm.taobao.org/jquery/download/jquery-3.6.0.tgz",
      "integrity": "sha1-xyoJ8Vwb3OFC9J2/EXC9+K2sJHA="
    },
    "js-md5": {
      "version": "0.7.3",
      "resolved": "https://registry.npm.taobao.org/js-md5/download/js-md5-0.7.3.tgz",
      "integrity": "sha1-tPL7sLMnRV9ZjWcn447Ccs0Jw/I="
    },
    "normalize-wheel": {
      "version": "1.0.1",
      "resolved": "https://registry.nlark.com/normalize-wheel/download/normalize-wheel-1.0.1.tgz",
      "integrity": "sha1-rsiGr/2wRQcNhWRH32Ls+GFG7EU="
    },
    "regenerator-runtime": {
      "version": "0.11.1",
      "resolved": "https://registry.nlark.com/regenerator-runtime/download/regenerator-runtime-0.11.1.tgz",
      "integrity": "sha1-vgWtf5v30i4Fb5cmzuUBf78Z4uk="
    },
    "resize-observer-polyfill": {
      "version": "1.5.1",
      "resolved": "https://registry.nlark.com/resize-observer-polyfill/download/resize-observer-polyfill-1.5.1.tgz",
      "integrity": "sha1-DpAg3T0hAkRY1OvSfiPkAmmBBGQ="
    },
    "throttle-debounce": {
      "version": "1.1.0",
      "resolved": "https://registry.npm.taobao.org/throttle-debounce/download/throttle-debounce-1.1.0.tgz",
      "integrity": "sha1-UYU9o3vmihVctugns1FKPEIuic0="
    },
    "tslib": {
      "version": "2.3.1",
      "resolved": "https://registry.nlark.com/tslib/download/tslib-2.3.1.tgz?cache=0&sync_timestamp=1628722556410&other_urls=https%3A%2F%2Fregistry.nlark.com%2Ftslib%2Fdownload%2Ftslib-2.3.1.tgz",
      "integrity": "sha1-6KM1rdXOrlGqJh0ypJAVjvBC7wE="
    },
    "vue": {
      "version": "2.6.14",
      "resolved": "https://registry.npmmirror.com/vue/download/vue-2.6.14.tgz?cache=0&sync_timestamp=1633712555314&other_urls=https%3A%2F%2Fregistry.npmmirror.com%2Fvue%2Fdownload%2Fvue-2.6.14.tgz",
      "integrity": "sha1-5RqlJQJQ1Wmj+606ilpofWA24jU="
    },
    "vue-router": {
      "version": "3.5.3",
      "resolved": "https://registry.npmmirror.com/vue-router/download/vue-router-3.5.3.tgz",
      "integrity": "sha1-BBBIBT4zaCnQXa+s9qj7ZpoueZk="
    },
    "wangeditor": {
      "version": "4.7.9",
      "resolved": "https://registry.npmmirror.com/wangeditor/download/wangeditor-4.7.9.tgz",
      "integrity": "sha1-wJIsAzdznVCoMQ/Kwwt6bOI4tQ0=",
      "requires": {
        "@babel/runtime": "^7.11.2",
        "@babel/runtime-corejs3": "^7.11.2",
        "tslib": "^2.1.0"
      }
    }
  }
}
